{
  "name": "capstone1-project",
  "version": "1.0.0",
  "lockfileVersion": 3,
  "requires": true,
  "packages": {
    "": {
      "name": "capstone1-project",
      "version": "1.0.0",
      "license": "ISC",
      "dependencies": {
        "dotenv": "^17.4.2",
        "pocketbase": "^0.26.8"
      }
    },
    "node_modules/dotenv": {
      "version": "17.4.2",
      "resolved": "https://registry.npmjs.org/dotenv/-/dotenv-17.4.2.tgz",
      "integrity": "sha512-nI4U3TottKAcAD9LLud4Cb7b2QztQMUEfHbvhTH09bqXTxnSie8WnjPALV/WMCrJZ6UV/qHJ6L03OqO3LcdYZw==",
      "license": "BSD-2-Clause",
      "engines": {
        "node": ">=12"
      },
      "funding": {
        "url": "https://dotenvx.com"
      }
    },
    "node_modules/pocketbase": {
      "version": "0.26.8",
      "resolved": "https://registry.npmjs.org/pocketbase/-/pocketbase-0.26.8.tgz",
      "integrity": "sha512-aQ/ewvS7ncvAE8wxoW10iAZu6ElgbeFpBhKPnCfvRovNzm2gW8u/sQNPGN6vNgVEagz44kK//C61oKjfa+7Low==",
      "license": "MIT"
    }
  }
}
